
Microsoft Visual Studio Solution File, Format Version 12.00
# Visual Studio Version 17
VisualStudioVersion = 17.8.34309.116
MinimumVisualStudioVersion = 10.0.40219.1
Project("{9A19103F-16F7-4668-BE54-9A1E7A4F7556}") = "OcelotApiGw", "OcelotApiGw\OcelotApiGw.csproj", "{39DAB490-3037-4C54-A82B-DD7F7A50CFD0}"
EndProject
Project("{2150E333-8FDC-42A3-9474-1A3956D46DE8}") = "ApiGateways", "ApiGateways", "{76C5CC76-2EF5-4C51-9E9D-FE50DB97C8E5}"
EndProject
Project("{2150E333-8FDC-42A3-9474-1A3956D46DE8}") = "Services", "Services", "{FA332E96-08E5-4865-BD80-4379EF0C50B4}"
EndProject
Project("{9A19103F-16F7-4668-BE54-9A1E7A4F7556}") = "SharedServicesManager", "SharedServicesManager\SharedServicesManager.csproj", "{E193089B-D2B6-4953-B25B-B579DCC05D5B}"
EndProject
Project("{9A19103F-16F7-4668-BE54-9A1E7A4F7556}") = "AccountService", "AccountService\AccountService.csproj", "{FBCB8A92-70F3-46C6-AC07-79BA846AB928}"
EndProject
Project("{2150E333-8FDC-42A3-9474-1A3956D46DE8}") = "Shared", "Shared", "{39827246-B8BC-4C89-8159-8AB2BED761B9}"
EndProject
Project("{9A19103F-16F7-4668-BE54-9A1E7A4F7556}") = "SharedManager", "SharedManager\SharedManager.csproj", "{E6898A2D-F0AC-4110-B45B-7F2732AA21AA}"
EndProject
Project("{9A19103F-16F7-4668-BE54-9A1E7A4F7556}") = "CourierJobService", "CourierJobService\CourierJobService.csproj", "{DB80BEBC-C02A-41C0-99D9-EA1E8F4838D7}"
EndProject
Project("{E53339B2-1760-4266-BCC7-CA923CBCF16C}") = "docker-compose", "docker-compose.dcproj", "{2B8B2DB5-BFB8-4433-98E6-B5D46082E382}"
EndProject
Project("{2150E333-8FDC-42A3-9474-1A3956D46DE8}") = "Tests", "Tests", "{0AB3BF05-4346-4AA6-1389-037BE0695223}"
EndProject
Project("{FAE04EC0-301F-11D3-BF4B-00C04F79EFBC}") = "TranXit.IntegrationTests", "Tests\TranXit.IntegrationTests\TranXit.IntegrationTests.csproj", "{460D4DC3-C75D-4114-BC67-F1434CA4F9FB}"
EndProject
Global
	GlobalSection(SolutionConfigurationPlatforms) = preSolution
		Debug|Any CPU = Debug|Any CPU
		Debug|x64 = Debug|x64
		Debug|x86 = Debug|x86
		Release|Any CPU = Release|Any CPU
		Release|x64 = Release|x64
		Release|x86 = Release|x86
	EndGlobalSection
	GlobalSection(ProjectConfigurationPlatforms) = postSolution
		{39DAB490-3037-4C54-A82B-DD7F7A50CFD0}.Debug|Any CPU.ActiveCfg = Debug|Any CPU
		{39DAB490-3037-4C54-A82B-DD7F7A50CFD0}.Debug|Any CPU.Build.0 = Debug|Any CPU
		{39DAB490-3037-4C54-A82B-DD7F7A50CFD0}.Debug|x64.ActiveCfg = Debug|Any CPU
		{39DAB490-3037-4C54-A82B-DD7F7A50CFD0}.Debug|x64.Build.0 = Debug|Any CPU
		{39DAB490-3037-4C54-A82B-DD7F7A50CFD0}.Debug|x86.ActiveCfg = Debug|Any CPU
		{39DAB490-3037-4C54-A82B-DD7F7A50CFD0}.Debug|x86.Build.0 = Debug|Any CPU
		{39DAB490-3037-4C54-A82B-DD7F7A50CFD0}.Release|Any CPU.ActiveCfg = Release|Any CPU
		{39DAB490-3037-4C54-A82B-DD7F7A50CFD0}.Release|Any CPU.Build.0 = Release|Any CPU
		{39DAB490-3037-4C54-A82B-DD7F7A50CFD0}.Release|x64.ActiveCfg = Release|Any CPU
		{39DAB490-3037-4C54-A82B-DD7F7A50CFD0}.Release|x64.Build.0 = Release|Any CPU
		{39DAB490-3037-4C54-A82B-DD7F7A50CFD0}.Release|x86.ActiveCfg = Release|Any CPU
		{39DAB490-3037-4C54-A82B-DD7F7A50CFD0}.Release|x86.Build.0 = Release|Any CPU
		{E193089B-D2B6-4953-B25B-B579DCC05D5B}.Debug|Any CPU.ActiveCfg = Debug|Any CPU
		{E193089B-D2B6-4953-B25B-B579DCC05D5B}.Debug|Any CPU.Build.0 = Debug|Any CPU
		{E193089B-D2B6-4953-B25B-B579DCC05D5B}.Debug|x64.ActiveCfg = Debug|Any CPU
		{E193089B-D2B6-4953-B25B-B579DCC05D5B}.Debug|x64.Build.0 = Debug|Any CPU
		{E193089B-D2B6-4953-B25B-B579DCC05D5B}.Debug|x86.ActiveCfg = Debug|Any CPU
		{E193089B-D2B6-4953-B25B-B579DCC05D5B}.Debug|x86.Build.0 = Debug|Any CPU
		{E193089B-D2B6-4953-B25B-B579DCC05D5B}.Release|Any CPU.ActiveCfg = Release|Any CPU
		{E193089B-D2B6-4953-B25B-B579DCC05D5B}.Release|Any CPU.Build.0 = Release|Any CPU
		{E193089B-D2B6-4953-B25B-B579DCC05D5B}.Release|x64.ActiveCfg = Release|Any CPU
		{E193089B-D2B6-4953-B25B-B579DCC05D5B}.Release|x64.Build.0 = Release|Any CPU
		{E193089B-D2B6-4953-B25B-B579DCC05D5B}.Release|x86.ActiveCfg = Release|Any CPU
		{E193089B-D2B6-4953-B25B-B579DCC05D5B}.Release|x86.Build.0 = Release|Any CPU
		{FBCB8A92-70F3-46C6-AC07-79BA846AB928}.Debug|Any CPU.ActiveCfg = Debug|Any CPU
		{FBCB8A92-70F3-46C6-AC07-79BA846AB928}.Debug|Any CPU.Build.0 = Debug|Any CPU
		{FBCB8A92-70F3-46C6-AC07-79BA846AB928}.Debug|x64.ActiveCfg = Debug|Any CPU
		{FBCB8A92-70F3-46C6-AC07-79BA846AB928}.Debug|x64.Build.0 = Debug|Any CPU
		{FBCB8A92-70F3-46C6-AC07-79BA846AB928}.Debug|x86.ActiveCfg = Debug|Any CPU
		{FBCB8A92-70F3-46C6-AC07-79BA846AB928}.Debug|x86.Build.0 = Debug|Any CPU
		{FBCB8A92-70F3-46C6-AC07-79BA846AB928}.Release|Any CPU.ActiveCfg = Release|Any CPU
		{FBCB8A92-70F3-46C6-AC07-79BA846AB928}.Release|Any CPU.Build.0 = Release|Any CPU
		{FBCB8A92-70F3-46C6-AC07-79BA846AB928}.Release|x64.ActiveCfg = Release|Any CPU
		{FBCB8A92-70F3-46C6-AC07-79BA846AB928}.Release|x64.Build.0 = Release|Any CPU
		{FBCB8A92-70F3-46C6-AC07-79BA846AB928}.Release|x86.ActiveCfg = Release|Any CPU
		{FBCB8A92-70F3-46C6-AC07-79BA846AB928}.Release|x86.Build.0 = Release|Any CPU
		{E6898A2D-F0AC-4110-B45B-7F2732AA21AA}.Debug|Any CPU.ActiveCfg = Debug|Any CPU
		{E6898A2D-F0AC-4110-B45B-7F2732AA21AA}.Debug|Any CPU.Build.0 = Debug|Any CPU
		{E6898A2D-F0AC-4110-B45B-7F2732AA21AA}.Debug|x64.ActiveCfg = Debug|Any CPU
		{E6898A2D-F0AC-4110-B45B-7F2732AA21AA}.Debug|x64.Build.0 = Debug|Any CPU
		{E6898A2D-F0AC-4110-B45B-7F2732AA21AA}.Debug|x86.ActiveCfg = Debug|Any CPU
		{E6898A2D-F0AC-4110-B45B-7F2732AA21AA}.Debug|x86.Build.0 = Debug|Any CPU
		{E6898A2D-F0AC-4110-B45B-7F2732AA21AA}.Release|Any CPU.ActiveCfg = Release|Any CPU
		{E6898A2D-F0AC-4110-B45B-7F2732AA21AA}.Release|Any CPU.Build.0 = Release|Any CPU
		{E6898A2D-F0AC-4110-B45B-7F2732AA21AA}.Release|x64.ActiveCfg = Release|Any CPU
		{E6898A2D-F0AC-4110-B45B-7F2732AA21AA}.Release|x64.Build.0 = Release|Any CPU
		{E6898A2D-F0AC-4110-B45B-7F2732AA21AA}.Release|x86.ActiveCfg = Release|Any CPU
		{E6898A2D-F0AC-4110-B45B-7F2732AA21AA}.Release|x86.Build.0 = Release|Any CPU
		{DB80BEBC-C02A-41C0-99D9-EA1E8F4838D7}.Debug|Any CPU.ActiveCfg = Debug|Any CPU
		{DB80BEBC-C02A-41C0-99D9-EA1E8F4838D7}.Debug|Any CPU.Build.0 = Debug|Any CPU
		{DB80BEBC-C02A-41C0-99D9-EA1E8F4838D7}.Debug|x64.ActiveCfg = Debug|Any CPU
		{DB80BEBC-C02A-41C0-99D9-EA1E8F4838D7}.Debug|x64.Build.0 = Debug|Any CPU
		{DB80BEBC-C02A-41C0-99D9-EA1E8F4838D7}.Debug|x86.ActiveCfg = Debug|Any CPU
		{DB80BEBC-C02A-41C0-99D9-EA1E8F4838D7}.Debug|x86.Build.0 = Debug|Any CPU
		{DB80BEBC-C02A-41C0-99D9-EA1E8F4838D7}.Release|Any CPU.ActiveCfg = Release|Any CPU
		{DB80BEBC-C02A-41C0-99D9-EA1E8F4838D7}.Release|Any CPU.Build.0 = Release|Any CPU
		{DB80BEBC-C02A-41C0-99D9-EA1E8F4838D7}.Release|x64.ActiveCfg = Release|Any CPU
		{DB80BEBC-C02A-41C0-99D9-EA1E8F4838D7}.Release|x64.Build.0 = Release|Any CPU
		{DB80BEBC-C02A-41C0-99D9-EA1E8F4838D7}.Release|x86.ActiveCfg = Release|Any CPU
		{DB80BEBC-C02A-41C0-99D9-EA1E8F4838D7}.Release|x86.Build.0 = Release|Any CPU
		{2B8B2DB5-BFB8-4433-98E6-B5D46082E382}.Debug|Any CPU.ActiveCfg = Debug|Any CPU
		{2B8B2DB5-BFB8-4433-98E6-B5D46082E382}.Debug|Any CPU.Build.0 = Debug|Any CPU
		{2B8B2DB5-BFB8-4433-98E6-B5D46082E382}.Debug|x64.ActiveCfg = Debug|x64
		{2B8B2DB5-BFB8-4433-98E6-B5D46082E382}.Debug|x86.ActiveCfg = Debug|x86
		{2B8B2DB5-BFB8-4433-98E6-B5D46082E382}.Release|Any CPU.ActiveCfg = Release|Any CPU
		{2B8B2DB5-BFB8-4433-98E6-B5D46082E382}.Release|Any CPU.Build.0 = Release|Any CPU
		{2B8B2DB5-BFB8-4433-98E6-B5D46082E382}.Release|x64.ActiveCfg = Release|x64
		{2B8B2DB5-BFB8-4433-98E6-B5D46082E382}.Release|x86.ActiveCfg = Release|x86
		{460D4DC3-C75D-4114-BC67-F1434CA4F9FB}.Debug|Any CPU.ActiveCfg = Debug|Any CPU
		{460D4DC3-C75D-4114-BC67-F1434CA4F9FB}.Debug|Any CPU.Build.0 = Debug|Any CPU
		{460D4DC3-C75D-4114-BC67-F1434CA4F9FB}.Debug|x64.ActiveCfg = Debug|Any CPU
		{460D4DC3-C75D-4114-BC67-F1434CA4F9FB}.Debug|x64.Build.0 = Debug|Any CPU
		{460D4DC3-C75D-4114-BC67-F1434CA4F9FB}.Debug|x86.ActiveCfg = Debug|Any CPU
		{460D4DC3-C75D-4114-BC67-F1434CA4F9FB}.Debug|x86.Build.0 = Debug|Any CPU
		{460D4DC3-C75D-4114-BC67-F1434CA4F9FB}.Release|Any CPU.ActiveCfg = Release|Any CPU
		{460D4DC3-C75D-4114-BC67-F1434CA4F9FB}.Release|Any CPU.Build.0 = Release|Any CPU
		{460D4DC3-C75D-4114-BC67-F1434CA4F9FB}.Release|x64.ActiveCfg = Release|Any CPU
		{460D4DC3-C75D-4114-BC67-F1434CA4F9FB}.Release|x64.Build.0 = Release|Any CPU
		{460D4DC3-C75D-4114-BC67-F1434CA4F9FB}.Release|x86.ActiveCfg = Release|Any CPU
		{460D4DC3-C75D-4114-BC67-F1434CA4F9FB}.Release|x86.Build.0 = Release|Any CPU
	EndGlobalSection
	GlobalSection(SolutionProperties) = preSolution
		HideSolutionNode = FALSE
	EndGlobalSection
	GlobalSection(NestedProjects) = preSolution
		{39DAB490-3037-4C54-A82B-DD7F7A50CFD0} = {76C5CC76-2EF5-4C51-9E9D-FE50DB97C8E5}
		{E193089B-D2B6-4953-B25B-B579DCC05D5B} = {FA332E96-08E5-4865-BD80-4379EF0C50B4}
		{FBCB8A92-70F3-46C6-AC07-79BA846AB928} = {FA332E96-08E5-4865-BD80-4379EF0C50B4}
		{E6898A2D-F0AC-4110-B45B-7F2732AA21AA} = {39827246-B8BC-4C89-8159-8AB2BED761B9}
		{DB80BEBC-C02A-41C0-99D9-EA1E8F4838D7} = {FA332E96-08E5-4865-BD80-4379EF0C50B4}
		{460D4DC3-C75D-4114-BC67-F1434CA4F9FB} = {0AB3BF05-4346-4AA6-1389-037BE0695223}
	EndGlobalSection
	GlobalSection(ExtensibilityGlobals) = postSolution
		SolutionGuid = {C3BF8535-809E-4FEA-A8A7-7033EB3928A7}
	EndGlobalSection
EndGlobal
